
Microsoft Visual Studio Solution File, Format Version 12.00
# Visual Studio 15
VisualStudioVersion = 15.0.28307.852
MinimumVisualStudioVersion = 10.0.40219.1
Project("{FAE04EC0-301F-11D3-BF4B-00C04F79EFBC}") = "Bebbs.Monads", "Bebbs.Monads\Bebbs.Monads.csproj", "{3A1A9ECC-18B8-43D5-BA7F-38CC589D9E96}"
EndProject
Global
	GlobalSection(SolutionConfigurationPlatforms) = preSolution
		Debug|Any CPU = Debug|Any CPU
		Release|Any CPU = Release|Any CPU
	EndGlobalSection
	GlobalSection(ProjectConfigurationPlatforms) = postSolution
		{3A1A9ECC-18B8-43D5-BA7F-38CC589D9E96}.Debug|Any CPU.ActiveCfg = Debug|Any CPU
		{3A1A9ECC-18B8-43D5-BA7F-38CC589D9E96}.Debug|Any CPU.Build.0 = Debug|Any CPU
		{3A1A9ECC-18B8-43D5-BA7F-38CC589D9E96}.Release|Any CPU.ActiveCfg = Release|Any CPU
		{3A1A9ECC-18B8-43D5-BA7F-38CC589D9E96}.Release|Any CPU.Build.0 = Release|Any CPU
	EndGlobalSection
	GlobalSection(SolutionProperties) = preSolution
		HideSolutionNode = FALSE
	EndGlobalSection
	GlobalSection(ExtensibilityGlobals) = postSolution
		SolutionGuid = {4BC6A083-7E45-48DE-8FAC-F36C92C0B940}
	EndGlobalSection
EndGlobal
